// !$*UTF8*$!
{
	archiveVersion = 1;
	classes = {
	};
	objectVersion = 56;
	objects = {

/* Begin PBXBuildFile section */
		BE9F7CE62B548D67004BC954 /* AppDelegate.swift in Sources */ = {isa = PBXBuildFile; fileRef = BE9F7CE52B548D67004BC954 /* AppDelegate.swift */; };
		BE9F7CE82B548D67004BC954 /* SceneDelegate.swift in Sources */ = {isa = PBXBuildFile; fileRef = BE9F7CE72B548D67004BC954 /* SceneDelegate.swift */; };
		BE9F7CEA2B548D67004BC954 /* ViewController.swift in Sources */ = {isa = PBXBuildFile; fileRef = BE9F7CE92B548D67004BC954 /* ViewController.swift */; };
		BE9F7CED2B548D67004BC954 /* Main.storyboard in Resources */ = {isa = PBXBuildFile; fileRef = BE9F7CEB2B548D67004BC954 /* Main.storyboard */; };
		BE9F7CEF2B548D68004BC954 /* Assets.xcassets in Resources */ = {isa = PBXBuildFile; fileRef = BE9F7CEE2B548D68004BC954 /* Assets.xcassets */; };
		BE9F7CF22B548D68004BC954 /* LaunchScreen.storyboard in Resources */ = {isa = PBXBuildFile; fileRef = BE9F7CF02B548D68004BC954 /* LaunchScreen.storyboard */; };
		BE9F7CFD2B548D68004BC954 /* SampleMVVMBindingWithBoxTests.swift in Sources */ = {isa = PBXBuildFile; fileRef = BE9F7CFC2B548D68004BC954 /* SampleMVVMBindingWithBoxTests.swift */; };
		BE9F7D072B548D68004BC954 /* SampleMVVMBindingWithBoxUITests.swift in Sources */ = {isa = PBXBuildFile; fileRef = BE9F7D062B548D68004BC954 /* SampleMVVMBindingWithBoxUITests.swift */; };
		BE9F7D092B548D68004BC954 /* SampleMVVMBindingWithBoxUITestsLaunchTests.swift in Sources */ = {isa = PBXBuildFile; fileRef = BE9F7D082B548D68004BC954 /* SampleMVVMBindingWithBoxUITestsLaunchTests.swift */; };
		BE9F7D202B548FC0004BC954 /* UserListViewModel.swift in Sources */ = {isa = PBXBuildFile; fileRef = BE9F7D1F2B548FC0004BC954 /* UserListViewModel.swift */; };
		BE9F7D232B549050004BC954 /* Observable.swift in Sources */ = {isa = PBXBuildFile; fileRef = BE9F7D222B549050004BC954 /* Observable.swift */; };
		BE9F7D252B54929C004BC954 /* UserModel.swift in Sources */ = {isa = PBXBuildFile; fileRef = BE9F7D242B54929C004BC954 /* UserModel.swift */; };
		BE9F7D292B54A0C3004BC954 /* NetworkManager.swift in Sources */ = {isa = PBXBuildFile; fileRef = BE9F7D282B54A0C3004BC954 /* NetworkManager.swift */; };
/* End PBXBuildFile section */

/* Begin PBXContainerItemProxy section */
		BE9F7CF92B548D68004BC954 /* PBXContainerItemProxy */ = {
			isa = PBXContainerItemProxy;
			containerPortal = BE9F7CDA2B548D67004BC954 /* Project object */;
			proxyType = 1;
			remoteGlobalIDString = BE9F7CE12B548D67004BC954;
			remoteInfo = SampleMVVMBindingWithBox;
		};
		BE9F7D032B548D68004BC954 /* PBXContainerItemProxy */ = {
			isa = PBXContainerItemProxy;
			containerPortal = BE9F7CDA2B548D67004BC954 /* Project object */;
			proxyType = 1;
			remoteGlobalIDString = BE9F7CE12B548D67004BC954;
			remoteInfo = SampleMVVMBindingWithBox;
		};
		BE9F7D332B54D929004BC954 /* PBXContainerItemProxy */ = {
			isa = PBXContainerItemProxy;
			containerPortal = BE9F7CDA2B548D67004BC954 /* Project object */;
			proxyType = 1;
			remoteGlobalIDString = BE9F7CE12B548D67004BC954;
			remoteInfo = SampleMVVMBindingWithBox;
		};
/* End PBXContainerItemProxy section */

/* Begin PBXFileReference section */
		BE9F7CE22B548D67004BC954 /* SampleMVVMBindingWithBox.app */ = {isa = PBXFileReference; explicitFileType = wrapper.application; includeInIndex = 0; path = SampleMVVMBindingWithBox.app; sourceTree = BUILT_PRODUCTS_DIR; };
		BE9F7CE52B548D67004BC954 /* AppDelegate.swift */ = {isa = PBXFileReference; lastKnownFileType = sourcecode.swift; path = AppDelegate.swift; sourceTree = "<group>"; };
		BE9F7CE72B548D67004BC954 /* SceneDelegate.swift */ = {isa = PBXFileReference; lastKnownFileType = sourcecode.swift; path = SceneDelegate.swift; sourceTree = "<group>"; };
		BE9F7CE92B548D67004BC954 /* ViewController.swift */ = {isa = PBXFileReference; lastKnownFileType = sourcecode.swift; path = ViewController.swift; sourceTree = "<group>"; };
		BE9F7CEC2B548D67004BC954 /* Base */ = {isa = PBXFileReference; lastKnownFileType = file.storyboard; name = Base; path = Base.lproj/Main.storyboard; sourceTree = "<group>"; };
		BE9F7CEE2B548D68004BC954 /* Assets.xcassets */ = {isa = PBXFileReference; lastKnownFileType = folder.assetcatalog; path = Assets.xcassets; sourceTree = "<group>"; };
		BE9F7CF12B548D68004BC954 /* Base */ = {isa = PBXFileReference; lastKnownFileType = file.storyboard; name = Base; path = Base.lproj/LaunchScreen.storyboard; sourceTree = "<group>"; };
		BE9F7CF32B548D68004BC954 /* Info.plist */ = {isa = PBXFileReference; lastKnownFileType = text.plist.xml; path = Info.plist; sourceTree = "<group>"; };
		BE9F7CF82B548D68004BC954 /* SampleMVVMBindingWithBoxTests.xctest */ = {isa = PBXFileReference; explicitFileType = wrapper.cfbundle; includeInIndex = 0; path = SampleMVVMBindingWithBoxTests.xctest; sourceTree = BUILT_PRODUCTS_DIR; };
		BE9F7CFC2B548D68004BC954 /* SampleMVVMBindingWithBoxTests.swift */ = {isa = PBXFileReference; lastKnownFileType = sourcecode.swift; path = SampleMVVMBindingWithBoxTests.swift; sourceTree = "<group>"; };
		BE9F7D022B548D68004BC954 /* SampleMVVMBindingWithBoxUITests.xctest */ = {isa = PBXFileReference; explicitFileType = wrapper.cfbundle; includeInIndex = 0; path = SampleMVVMBindingWithBoxUITests.xctest; sourceTree = BUILT_PRODUCTS_DIR; };
		BE9F7D062B548D68004BC954 /* SampleMVVMBindingWithBoxUITests.swift */ = {isa = PBXFileReference; lastKnownFileType = sourcecode.swift; path = SampleMVVMBindingWithBoxUITests.swift; sourceTree = "<group>"; };
		BE9F7D082B548D68004BC954 /* SampleMVVMBindingWithBoxUITestsLaunchTests.swift */ = {isa = PBXFileReference; lastKnownFileType = sourcecode.swift; path = SampleMVVMBindingWithBoxUITestsLaunchTests.swift; sourceTree = "<group>"; };
		BE9F7D1F2B548FC0004BC954 /* UserListViewModel.swift */ = {isa = PBXFileReference; lastKnownFileType = sourcecode.swift; path = UserListViewModel.swift; sourceTree = "<group>"; };
		BE9F7D222B549050004BC954 /* Observable.swift */ = {isa = PBXFileReference; lastKnownFileType = sourcecode.swift; path = Observable.swift; sourceTree = "<group>"; };
		BE9F7D242B54929C004BC954 /* UserModel.swift */ = {isa = PBXFileReference; lastKnownFileType = sourcecode.swift; path = UserModel.swift; sourceTree = "<group>"; };
		BE9F7D282B54A0C3004BC954 /* NetworkManager.swift */ = {isa = PBXFileReference; lastKnownFileType = sourcecode.swift; path = NetworkManager.swift; sourceTree = "<group>"; };
		BE9F7D2F2B54D929004BC954 /* UserListViewModelTests.xctest */ = {isa = PBXFileReference; explicitFileType = wrapper.cfbundle; includeInIndex = 0; path = UserListViewModelTests.xctest; sourceTree = BUILT_PRODUCTS_DIR; };
/* End PBXFileReference section */

/* Begin PBXFrameworksBuildPhase section */
		BE9F7CDF2B548D67004BC954 /* Frameworks */ = {
			isa = PBXFrameworksBuildPhase;
			buildActionMask = 2147483647;
			files = (
			);
			runOnlyForDeploymentPostprocessing = 0;
		};
		BE9F7CF52B548D68004BC954 /* Frameworks */ = {
			isa = PBXFrameworksBuildPhase;
			buildActionMask = 2147483647;
			files = (
			);
			runOnlyForDeploymentPostprocessing = 0;
		};
		BE9F7CFF2B548D68004BC954 /* Frameworks */ = {
			isa = PBXFrameworksBuildPhase;
			buildActionMask = 2147483647;
			files = (
			);
			runOnlyForDeploymentPostprocessing = 0;
		};
		BE9F7D2C2B54D929004BC954 /* Frameworks */ = {
			isa = PBXFrameworksBuildPhase;
			buildActionMask = 2147483647;
			files = (
			);
			runOnlyForDeploymentPostprocessing = 0;
		};
/* End PBXFrameworksBuildPhase section */

/* Begin PBXGroup section */
		BE9F7CD92B548D67004BC954 = {
			isa = PBXGroup;
			children = (
				BE9F7CE42B548D67004BC954 /* SampleMVVMBindingWithBox */,
				BE9F7CFB2B548D68004BC954 /* SampleMVVMBindingWithBoxTests */,
				BE9F7D052B548D68004BC954 /* SampleMVVMBindingWithBoxUITests */,
				BE9F7CE32B548D67004BC954 /* Products */,
			);
			sourceTree = "<group>";
		};
		BE9F7CE32B548D67004BC954 /* Products */ = {
			isa = PBXGroup;
			children = (
				BE9F7CE22B548D67004BC954 /* SampleMVVMBindingWithBox.app */,
				BE9F7CF82B548D68004BC954 /* SampleMVVMBindingWithBoxTests.xctest */,
				BE9F7D022B548D68004BC954 /* SampleMVVMBindingWithBoxUITests.xctest */,
				BE9F7D2F2B54D929004BC954 /* UserListViewModelTests.xctest */,
			);
			name = Products;
			sourceTree = "<group>";
		};
		BE9F7CE42B548D67004BC954 /* SampleMVVMBindingWithBox */ = {
			isa = PBXGroup;
			children = (
				BE9F7D152B548DED004BC954 /* App&SceneDelegates */,
				BE9F7D272B54A0B0004BC954 /* Network */,
				BE9F7D182B548E5D004BC954 /* Screens */,
				BE9F7D212B549001004BC954 /* Utilities */,
				BE9F7D2A2B54BE32004BC954 /* Extensions */,
				BE9F7D172B548E1C004BC954 /* Storyboards */,
				BE9F7D162B548DFE004BC954 /* Resources */,
				BE9F7CF32B548D68004BC954 /* Info.plist */,
			);
			path = SampleMVVMBindingWithBox;
			sourceTree = "<group>";
		};
		BE9F7CFB2B548D68004BC954 /* SampleMVVMBindingWithBoxTests */ = {
			isa = PBXGroup;
			children = (
				BE9F7CFC2B548D68004BC954 /* SampleMVVMBindingWithBoxTests.swift */,
			);
			path = SampleMVVMBindingWithBoxTests;
			sourceTree = "<group>";
		};
		BE9F7D052B548D68004BC954 /* SampleMVVMBindingWithBoxUITests */ = {
			isa = PBXGroup;
			children = (
				BE9F7D062B548D68004BC954 /* SampleMVVMBindingWithBoxUITests.swift */,
				BE9F7D082B548D68004BC954 /* SampleMVVMBindingWithBoxUITestsLaunchTests.swift */,
			);
			path = SampleMVVMBindingWithBoxUITests;
			sourceTree = "<group>";
		};
		BE9F7D152B548DED004BC954 /* App&SceneDelegates */ = {
			isa = PBXGroup;
			children = (
				BE9F7CE52B548D67004BC954 /* AppDelegate.swift */,
				BE9F7CE72B548D67004BC954 /* SceneDelegate.swift */,
			);
			path = "App&SceneDelegates";
			sourceTree = "<group>";
		};
		BE9F7D162B548DFE004BC954 /* Resources */ = {
			isa = PBXGroup;
			children = (
				BE9F7CEE2B548D68004BC954 /* Assets.xcassets */,
			);
			path = Resources;
			sourceTree = "<group>";
		};
		BE9F7D172B548E1C004BC954 /* Storyboards */ = {
			isa = PBXGroup;
			children = (
				BE9F7CEB2B548D67004BC954 /* Main.storyboard */,
				BE9F7CF02B548D68004BC954 /* LaunchScreen.storyboard */,
			);
			path = Storyboards;
			sourceTree = "<group>";
		};
		BE9F7D182B548E5D004BC954 /* Screens */ = {
			isa = PBXGroup;
			children = (
				BE9F7D192B548E65004BC954 /* UsersList */,
			);
			path = Screens;
			sourceTree = "<group>";
		};
		BE9F7D192B548E65004BC954 /* UsersList */ = {
			isa = PBXGroup;
			children = (
				BE9F7D1C2B548E82004BC954 /* Model */,
				BE9F7D1B2B548E7C004BC954 /* View */,
				BE9F7D1A2B548E70004BC954 /* ViewModel */,
			);
			path = UsersList;
			sourceTree = "<group>";
		};
		BE9F7D1A2B548E70004BC954 /* ViewModel */ = {
			isa = PBXGroup;
			children = (
				BE9F7D1F2B548FC0004BC954 /* UserListViewModel.swift */,
			);
			path = ViewModel;
			sourceTree = "<group>";
		};
		BE9F7D1B2B548E7C004BC954 /* View */ = {
			isa = PBXGroup;
			children = (
				BE9F7CE92B548D67004BC954 /* ViewController.swift */,
			);
			path = View;
			sourceTree = "<group>";
		};
		BE9F7D1C2B548E82004BC954 /* Model */ = {
			isa = PBXGroup;
			children = (
				BE9F7D242B54929C004BC954 /* UserModel.swift */,
			);
			path = Model;
			sourceTree = "<group>";
		};
		BE9F7D212B549001004BC954 /* Utilities */ = {
			isa = PBXGroup;
			children = (
				BE9F7D222B549050004BC954 /* Observable.swift */,
			);
			path = Utilities;
			sourceTree = "<group>";
		};
		BE9F7D272B54A0B0004BC954 /* Network */ = {
			isa = PBXGroup;
			children = (
				BE9F7D282B54A0C3004BC954 /* NetworkManager.swift */,
			);
			path = Network;
			sourceTree = "<group>";
		};
		BE9F7D2A2B54BE32004BC954 /* Extensions */ = {
			isa = PBXGroup;
			children = (
			);
			path = Extensions;
			sourceTree = "<group>";
		};
/* End PBXGroup section */

/* Begin PBXNativeTarget section */
		BE9F7CE12B548D67004BC954 /* SampleMVVMBindingWithBox */ = {
			isa = PBXNativeTarget;
			buildConfigurationList = BE9F7D0C2B548D68004BC954 /* Build configuration list for PBXNativeTarget "SampleMVVMBindingWithBox" */;
			buildPhases = (
				BE9F7CDE2B548D67004BC954 /* Sources */,
				BE9F7CDF2B548D67004BC954 /* Frameworks */,
				BE9F7CE02B548D67004BC954 /* Resources */,
			);
			buildRules = (
			);
			dependencies = (
			);
			name = SampleMVVMBindingWithBox;
			productName = SampleMVVMBindingWithBox;
			productReference = BE9F7CE22B548D67004BC954 /* SampleMVVMBindingWithBox.app */;
			productType = "com.apple.product-type.application";
		};
		BE9F7CF72B548D68004BC954 /* SampleMVVMBindingWithBoxTests */ = {
			isa = PBXNativeTarget;
			buildConfigurationList = BE9F7D0F2B548D68004BC954 /* Build configuration list for PBXNativeTarget "SampleMVVMBindingWithBoxTests" */;
			buildPhases = (
				BE9F7CF42B548D68004BC954 /* Sources */,
				BE9F7CF52B548D68004BC954 /* Frameworks */,
				BE9F7CF62B548D68004BC954 /* Resources */,
			);
			buildRules = (
			);
			dependencies = (
				BE9F7CFA2B548D68004BC954 /* PBXTargetDependency */,
			);
			name = SampleMVVMBindingWithBoxTests;
			productName = SampleMVVMBindingWithBoxTests;
			productReference = BE9F7CF82B548D68004BC954 /* SampleMVVMBindingWithBoxTests.xctest */;
			productType = "com.apple.product-type.bundle.unit-test";
		};
		BE9F7D012B548D68004BC954 /* SampleMVVMBindingWithBoxUITests */ = {
			isa = PBXNativeTarget;
			buildConfigurationList = BE9F7D122B548D68004BC954 /* Build configuration list for PBXNativeTarget "SampleMVVMBindingWithBoxUITests" */;
			buildPhases = (
				BE9F7CFE2B548D68004BC954 /* Sources */,
				BE9F7CFF2B548D68004BC954 /* Frameworks */,
				BE9F7D002B548D68004BC954 /* Resources */,
			);
			buildRules = (
			);
			dependencies = (
				BE9F7D042B548D68004BC954 /* PBXTargetDependency */,
			);
			name = SampleMVVMBindingWithBoxUITests;
			productName = SampleMVVMBindingWithBoxUITests;
			productReference = BE9F7D022B548D68004BC954 /* SampleMVVMBindingWithBoxUITests.xctest */;
			productType = "com.apple.product-type.bundle.ui-testing";
		};
		BE9F7D2E2B54D929004BC954 /* UserListViewModelTests */ = {
			isa = PBXNativeTarget;
			buildConfigurationList = BE9F7D352B54D929004BC954 /* Build configuration list for PBXNativeTarget "UserListViewModelTests" */;
			buildPhases = (
				BE9F7D2B2B54D929004BC954 /* Sources */,
				BE9F7D2C2B54D929004BC954 /* Frameworks */,
				BE9F7D2D2B54D929004BC954 /* Resources */,
			);
			buildRules = (
			);
			dependencies = (
				BE9F7D342B54D929004BC954 /* PBXTargetDependency */,
			);
			name = UserListViewModelTests;
			productName = UserListViewModelTests;
			productReference = BE9F7D2F2B54D929004BC954 /* UserListViewModelTests.xctest */;
			productType = "com.apple.product-type.bundle.unit-test";
		};
/* End PBXNativeTarget section */

/* Begin PBXProject section */
		BE9F7CDA2B548D67004BC954 /* Project object */ = {
			isa = PBXProject;
			attributes = {
				BuildIndependentTargetsInParallel = 1;
				LastSwiftUpdateCheck = 1510;
				LastUpgradeCheck = 1510;
				TargetAttributes = {
					BE9F7CE12B548D67004BC954 = {
						CreatedOnToolsVersion = 15.1;
					};
					BE9F7CF72B548D68004BC954 = {
						CreatedOnToolsVersion = 15.1;
						TestTargetID = BE9F7CE12B548D67004BC954;
					};
					BE9F7D012B548D68004BC954 = {
						CreatedOnToolsVersion = 15.1;
						TestTargetID = BE9F7CE12B548D67004BC954;
					};
					BE9F7D2E2B54D929004BC954 = {
						CreatedOnToolsVersion = 15.1;
						TestTargetID = BE9F7CE12B548D67004BC954;
					};
				};
			};
			buildConfigurationList = BE9F7CDD2B548D67004BC954 /* Build configuration list for PBXProject "SampleMVVMBindingWithBox" */;
			compatibilityVersion = "Xcode 14.0";
			developmentRegion = en;
			hasScannedForEncodings = 0;
			knownRegions = (
				en,
				Base,
			);
			mainGroup = BE9F7CD92B548D67004BC954;
			productRefGroup = BE9F7CE32B548D67004BC954 /* Products */;
			projectDirPath = "";
			projectRoot = "";
			targets = (
				BE9F7CE12B548D67004BC954 /* SampleMVVMBindingWithBox */,
				BE9F7CF72B548D68004BC954 /* SampleMVVMBindingWithBoxTests */,
				BE9F7D012B548D68004BC954 /* SampleMVVMBindingWithBoxUITests */,
				BE9F7D2E2B54D929004BC954 /* UserListViewModelTests */,
			);
		};
/* End PBXProject section */

/* Begin PBXResourcesBuildPhase section */
		BE9F7CE02B548D67004BC954 /* Resources */ = {
			isa = PBXResourcesBuildPhase;
			buildActionMask = 2147483647;
			files = (
				BE9F7CF22B548D68004BC954 /* LaunchScreen.storyboard in Resources */,
				BE9F7CEF2B548D68004BC954 /* Assets.xcassets in Resources */,
				BE9F7CED2B548D67004BC954 /* Main.storyboard in Resources */,
			);
			runOnlyForDeploymentPostprocessing = 0;
		};
		BE9F7CF62B548D68004BC954 /* Resources */ = {
			isa = PBXResourcesBuildPhase;
			buildActionMask = 2147483647;
			files = (
			);
			runOnlyForDeploymentPostprocessing = 0;
		};
		BE9F7D002B548D68004BC954 /* Resources */ = {
			isa = PBXResourcesBuildPhase;
			buildActionMask = 2147483647;
			files = (
			);
			runOnlyForDeploymentPostprocessing = 0;
		};
		BE9F7D2D2B54D929004BC954 /* Resources */ = {
			isa = PBXResourcesBuildPhase;
			buildActionMask = 2147483647;
			files = (
			);
			runOnlyForDeploymentPostprocessing = 0;
		};
/* End PBXResourcesBuildPhase section */

/* Begin PBXSourcesBuildPhase section */
		BE9F7CDE2B548D67004BC954 /* Sources */ = {
			isa = PBXSourcesBuildPhase;
			buildActionMask = 2147483647;
			files = (
				BE9F7CEA2B548D67004BC954 /* ViewController.swift in Sources */,
				BE9F7D232B549050004BC954 /* Observable.swift in Sources */,
				BE9F7D202B548FC0004BC954 /* UserListViewModel.swift in Sources */,
				BE9F7D292B54A0C3004BC954 /* NetworkManager.swift in Sources */,
				BE9F7CE62B548D67004BC954 /* AppDelegate.swift in Sources */,
				BE9F7D252B54929C004BC954 /* UserModel.swift in Sources */,
				BE9F7CE82B548D67004BC954 /* SceneDelegate.swift in Sources */,
			);
			runOnlyForDeploymentPostprocessing = 0;
		};
		BE9F7CF42B548D68004BC954 /* Sources */ = {
			isa = PBXSourcesBuildPhase;
			buildActionMask = 2147483647;
			files = (
				BE9F7CFD2B548D68004BC954 /* SampleMVVMBindingWithBoxTests.swift in Sources */,
			);
			runOnlyForDeploymentPostprocessing = 0;
		};
		BE9F7CFE2B548D68004BC954 /* Sources */ = {
			isa = PBXSourcesBuildPhase;
			buildActionMask = 2147483647;
			files = (
				BE9F7D092B548D68004BC954 /* SampleMVVMBindingWithBoxUITestsLaunchTests.swift in Sources */,
				BE9F7D072B548D68004BC954 /* SampleMVVMBindingWithBoxUITests.swift in Sources */,
			);
			runOnlyForDeploymentPostprocessing = 0;
		};
		BE9F7D2B2B54D929004BC954 /* Sources */ = {
			isa = PBXSourcesBuildPhase;
			buildActionMask = 2147483647;
			files = (
			);
			runOnlyForDeploymentPostprocessing = 0;
		};
/* End PBXSourcesBuildPhase section */

/* Begin PBXTargetDependency section */
		BE9F7CFA2B548D68004BC954 /* PBXTargetDependency */ = {
			isa = PBXTargetDependency;
			target = BE9F7CE12B548D67004BC954 /* SampleMVVMBindingWithBox */;
			targetProxy = BE9F7CF92B548D68004BC954 /* PBXContainerItemProxy */;
		};
		BE9F7D042B548D68004BC954 /* PBXTargetDependency */ = {
			isa = PBXTargetDependency;
			target = BE9F7CE12B548D67004BC954 /* SampleMVVMBindingWithBox */;
			targetProxy = BE9F7D032B548D68004BC954 /* PBXContainerItemProxy */;
		};
		BE9F7D342B54D929004BC954 /* PBXTargetDependency */ = {
			isa = PBXTargetDependency;
			target = BE9F7CE12B548D67004BC954 /* SampleMVVMBindingWithBox */;
			targetProxy = BE9F7D332B54D929004BC954 /* PBXContainerItemProxy */;
		};
/* End PBXTargetDependency section */

/* Begin PBXVariantGroup section */
		BE9F7CEB2B548D67004BC954 /* Main.storyboard */ = {
			isa = PBXVariantGroup;
			children = (
				BE9F7CEC2B548D67004BC954 /* Base */,
			);
			name = Main.storyboard;
			sourceTree = "<group>";
		};
		BE9F7CF02B548D68004BC954 /* LaunchScreen.storyboard */ = {
			isa = PBXVariantGroup;
			children = (
				BE9F7CF12B548D68004BC954 /* Base */,
			);
			name = LaunchScreen.storyboard;
			sourceTree = "<group>";
		};
/* End PBXVariantGroup section */

/* Begin XCBuildConfiguration section */
		BE9F7D0A2B548D68004BC954 /* Debug */ = {
			isa = XCBuildConfiguration;
			buildSettings = {
				ALWAYS_SEARCH_USER_PATHS = NO;
				ASSETCATALOG_COMPILER_GENERATE_SWIFT_ASSET_SYMBOL_EXTENSIONS = YES;
				CLANG_ANALYZER_NONNULL = YES;
				CLANG_ANALYZER_NUMBER_OBJECT_CONVERSION = YES_AGGRESSIVE;
				CLANG_CXX_LANGUAGE_STANDARD = "gnu++20";
				CLANG_ENABLE_MODULES = YES;
				CLANG_ENABLE_OBJC_ARC = YES;
				CLANG_ENABLE_OBJC_WEAK = YES;
				CLANG_WARN_BLOCK_CAPTURE_AUTORELEASING = YES;
				CLANG_WARN_BOOL_CONVERSION = YES;
				CLANG_WARN_COMMA = YES;
				CLANG_WARN_CONSTANT_CONVERSION = YES;
				CLANG_WARN_DEPRECATED_OBJC_IMPLEMENTATIONS = YES;
				CLANG_WARN_DIRECT_OBJC_ISA_USAGE = YES_ERROR;
				CLANG_WARN_DOCUMENTATION_COMMENTS = YES;
				CLANG_WARN_EMPTY_BODY = YES;
				CLANG_WARN_ENUM_CONVERSION = YES;
				CLANG_WARN_INFINITE_RECURSION = YES;
				CLANG_WARN_INT_CONVERSION = YES;
				CLANG_WARN_NON_LITERAL_NULL_CONVERSION = YES;
				CLANG_WARN_OBJC_IMPLICIT_RETAIN_SELF = YES;
				CLANG_WARN_OBJC_LITERAL_CONVERSION = YES;
				CLANG_WARN_OBJC_ROOT_CLASS = YES_ERROR;
				CLANG_WARN_QUOTED_INCLUDE_IN_FRAMEWORK_HEADER = YES;
				CLANG_WARN_RANGE_LOOP_ANALYSIS = YES;
				CLANG_WARN_STRICT_PROTOTYPES = YES;
				CLANG_WARN_SUSPICIOUS_MOVE = YES;
				CLANG_WARN_UNGUARDED_AVAILABILITY = YES_AGGRESSIVE;
				CLANG_WARN_UNREACHABLE_CODE = YES;
				CLANG_WARN__DUPLICATE_METHOD_MATCH = YES;
				COPY_PHASE_STRIP = NO;
				DEBUG_INFORMATION_FORMAT = dwarf;
				ENABLE_STRICT_OBJC_MSGSEND = YES;
				ENABLE_TESTABILITY = YES;
				ENABLE_USER_SCRIPT_SANDBOXING = YES;
				GCC_C_LANGUAGE_STANDARD = gnu17;
				GCC_DYNAMIC_NO_PIC = NO;
				GCC_NO_COMMON_BLOCKS = YES;
				GCC_OPTIMIZATION_LEVEL = 0;
				GCC_PREPROCESSOR_DEFINITIONS = (
					"DEBUG=1",
					"$(inherited)",
				);
				GCC_WARN_64_TO_32_BIT_CONVERSION = YES;
				GCC_WARN_ABOUT_RETURN_TYPE = YES_ERROR;
				GCC_WARN_UNDECLARED_SELECTOR = YES;
				GCC_WARN_UNINITIALIZED_AUTOS = YES_AGGRESSIVE;
				GCC_WARN_UNUSED_FUNCTION = YES;
				GCC_WARN_UNUSED_VARIABLE = YES;
				IPHONEOS_DEPLOYMENT_TARGET = 17.2;
				LOCALIZATION_PREFERS_STRING_CATALOGS = YES;
				MTL_ENABLE_DEBUG_INFO = INCLUDE_SOURCE;
				MTL_FAST_MATH = YES;
				ONLY_ACTIVE_ARCH = YES;
				SDKROOT = iphoneos;
				SWIFT_ACTIVE_COMPILATION_CONDITIONS = "DEBUG $(inherited)";
				SWIFT_OPTIMIZATION_LEVEL = "-Onone";
			};
			name = Debug;
		};
		BE9F7D0B2B548D68004BC954 /* Release */ = {
			isa = XCBuildConfiguration;
			buildSettings = {
				ALWAYS_SEARCH_USER_PATHS = NO;
				ASSETCATALOG_COMPILER_GENERATE_SWIFT_ASSET_SYMBOL_EXTENSIONS = YES;
				CLANG_ANALYZER_NONNULL = YES;
				CLANG_ANALYZER_NUMBER_OBJECT_CONVERSION = YES_AGGRESSIVE;
				CLANG_CXX_LANGUAGE_STANDARD = "gnu++20";
				CLANG_ENABLE_MODULES = YES;
				CLANG_ENABLE_OBJC_ARC = YES;
				CLANG_ENABLE_OBJC_WEAK = YES;
				CLANG_WARN_BLOCK_CAPTURE_AUTORELEASING = YES;
				CLANG_WARN_BOOL_CONVERSION = YES;
				CLANG_WARN_COMMA = YES;
				CLANG_WARN_CONSTANT_CONVERSION = YES;
				CLANG_WARN_DEPRECATED_OBJC_IMPLEMENTATIONS = YES;
				CLANG_WARN_DIRECT_OBJC_ISA_USAGE = YES_ERROR;
				CLANG_WARN_DOCUMENTATION_COMMENTS = YES;
				CLANG_WARN_EMPTY_BODY = YES;
				CLANG_WARN_ENUM_CONVERSION = YES;
				CLANG_WARN_INFINITE_RECURSION = YES;
				CLANG_WARN_INT_CONVERSION = YES;
				CLANG_WARN_NON_LITERAL_NULL_CONVERSION = YES;
				CLANG_WARN_OBJC_IMPLICIT_RETAIN_SELF = YES;
				CLANG_WARN_OBJC_LITERAL_CONVERSION = YES;
				CLANG_WARN_OBJC_ROOT_CLASS = YES_ERROR;
				CLANG_WARN_QUOTED_INCLUDE_IN_FRAMEWORK_HEADER = YES;
				CLANG_WARN_RANGE_LOOP_ANALYSIS = YES;
				CLANG_WARN_STRICT_PROTOTYPES = YES;
				CLANG_WARN_SUSPICIOUS_MOVE = YES;
				CLANG_WARN_UNGUARDED_AVAILABILITY = YES_AGGRESSIVE;
				CLANG_WARN_UNREACHABLE_CODE = YES;
				CLANG_WARN__DUPLICATE_METHOD_MATCH = YES;
				COPY_PHASE_STRIP = NO;
				DEBUG_INFORMATION_FORMAT = "dwarf-with-dsym";
				ENABLE_NS_ASSERTIONS = NO;
				ENABLE_STRICT_OBJC_MSGSEND = YES;
				ENABLE_USER_SCRIPT_SANDBOXING = YES;
				GCC_C_LANGUAGE_STANDARD = gnu17;
				GCC_NO_COMMON_BLOCKS = YES;
				GCC_WARN_64_TO_32_BIT_CONVERSION = YES;
				GCC_WARN_ABOUT_RETURN_TYPE = YES_ERROR;
				GCC_WARN_UNDECLARED_SELECTOR = YES;
				GCC_WARN_UNINITIALIZED_AUTOS = YES_AGGRESSIVE;
				GCC_WARN_UNUSED_FUNCTION = YES;
				GCC_WARN_UNUSED_VARIABLE = YES;
				IPHONEOS_DEPLOYMENT_TARGET = 17.2;
				LOCALIZATION_PREFERS_STRING_CATALOGS = YES;
				MTL_ENABLE_DEBUG_INFO = NO;
				MTL_FAST_MATH = YES;
				SDKROOT = iphoneos;
				SWIFT_COMPILATION_MODE = wholemodule;
				VALIDATE_PRODUCT = YES;
			};
			name = Release;
		};
		BE9F7D0D2B548D68004BC954 /* Debug */ = {
			isa = XCBuildConfiguration;
			buildSettings = {
				ASSETCATALOG_COMPILER_APPICON_NAME = AppIcon;
				ASSETCATALOG_COMPILER_GLOBAL_ACCENT_COLOR_NAME = AccentColor;
				CODE_SIGN_STYLE = Automatic;
				CURRENT_PROJECT_VERSION = 1;
				DEVELOPMENT_TEAM = W588GMFYXB;
				GENERATE_INFOPLIST_FILE = YES;
				INFOPLIST_FILE = SampleMVVMBindingWithBox/Info.plist;
				INFOPLIST_KEY_UIApplicationSupportsIndirectInputEvents = YES;
				INFOPLIST_KEY_UILaunchStoryboardName = LaunchScreen;
				INFOPLIST_KEY_UIMainStoryboardFile = Main;
				INFOPLIST_KEY_UISupportedInterfaceOrientations_iPad = "UIInterfaceOrientationPortrait UIInterfaceOrientationPortraitUpsideDown UIInterfaceOrientationLandscapeLeft UIInterfaceOrientationLandscapeRight";
				INFOPLIST_KEY_UISupportedInterfaceOrientations_iPhone = "UIInterfaceOrientationPortrait UIInterfaceOrientationLandscapeLeft UIInterfaceOrientationLandscapeRight";
				LD_RUNPATH_SEARCH_PATHS = (
					"$(inherited)",
					"@executable_path/Frameworks",
				);
				MARKETING_VERSION = 1.0;
				PRODUCT_BUNDLE_IDENTIFIER = com.sindam.SampleMVVMBindingWithBox;
				PRODUCT_NAME = "$(TARGET_NAME)";
				SWIFT_EMIT_LOC_STRINGS = YES;
				SWIFT_VERSION = 5.0;
				TARGETED_DEVICE_FAMILY = "1,2";
			};
			name = Debug;
		};
		BE9F7D0E2B548D68004BC954 /* Release */ = {
			isa = XCBuildConfiguration;
			buildSettings = {
				ASSETCATALOG_COMPILER_APPICON_NAME = AppIcon;
				ASSETCATALOG_COMPILER_GLOBAL_ACCENT_COLOR_NAME = AccentColor;
				CODE_SIGN_STYLE = Automatic;
				CURRENT_PROJECT_VERSION = 1;
				DEVELOPMENT_TEAM = W588GMFYXB;
				GENERATE_INFOPLIST_FILE = YES;
				INFOPLIST_FILE = SampleMVVMBindingWithBox/Info.plist;
				INFOPLIST_KEY_UIApplicationSupportsIndirectInputEvents = YES;
				INFOPLIST_KEY_UILaunchStoryboardName = LaunchScreen;
				INFOPLIST_KEY_UIMainStoryboardFile = Main;
				INFOPLIST_KEY_UISupportedInterfaceOrientations_iPad = "UIInterfaceOrientationPortrait UIInterfaceOrientationPortraitUpsideDown UIInterfaceOrientationLandscapeLeft UIInterfaceOrientationLandscapeRight";
				INFOPLIST_KEY_UISupportedInterfaceOrientations_iPhone = "UIInterfaceOrientationPortrait UIInterfaceOrientationLandscapeLeft UIInterfaceOrientationLandscapeRight";
				LD_RUNPATH_SEARCH_PATHS = (
					"$(inherited)",
					"@executable_path/Frameworks",
				);
				MARKETING_VERSION = 1.0;
				PRODUCT_BUNDLE_IDENTIFIER = com.sindam.SampleMVVMBindingWithBox;
				PRODUCT_NAME = "$(TARGET_NAME)";
				SWIFT_EMIT_LOC_STRINGS = YES;
				SWIFT_VERSION = 5.0;
				TARGETED_DEVICE_FAMILY = "1,2";
			};
			name = Release;
		};
		BE9F7D102B548D68004BC954 /* Debug */ = {
			isa = XCBuildConfiguration;
			buildSettings = {
				ALWAYS_EMBED_SWIFT_STANDARD_LIBRARIES = YES;
				BUNDLE_LOADER = "$(TEST_HOST)";
				CODE_SIGN_STYLE = Automatic;
				CURRENT_PROJECT_VERSION = 1;
				DEVELOPMENT_TEAM = W588GMFYXB;
				GENERATE_INFOPLIST_FILE = YES;
				IPHONEOS_DEPLOYMENT_TARGET = 17.2;
				MARKETING_VERSION = 1.0;
				PRODUCT_BUNDLE_IDENTIFIER = com.sindam.SampleMVVMBindingWithBoxTests;
				PRODUCT_NAME = "$(TARGET_NAME)";
				SWIFT_EMIT_LOC_STRINGS = NO;
				SWIFT_VERSION = 5.0;
				TARGETED_DEVICE_FAMILY = "1,2";
				TEST_HOST = "$(BUILT_PRODUCTS_DIR)/SampleMVVMBindingWithBox.app/$(BUNDLE_EXECUTABLE_FOLDER_PATH)/SampleMVVMBindingWithBox";
			};
			name = Debug;
		};
		BE9F7D112B548D68004BC954 /* Release */ = {
			isa = XCBuildConfiguration;
			buildSettings = {
				ALWAYS_EMBED_SWIFT_STANDARD_LIBRARIES = YES;
				BUNDLE_LOADER = "$(TEST_HOST)";
				CODE_SIGN_STYLE = Automatic;
				CURRENT_PROJECT_VERSION = 1;
				DEVELOPMENT_TEAM = W588GMFYXB;
				GENERATE_INFOPLIST_FILE = YES;
				IPHONEOS_DEPLOYMENT_TARGET = 17.2;
				MARKETING_VERSION = 1.0;
				PRODUCT_BUNDLE_IDENTIFIER = com.sindam.SampleMVVMBindingWithBoxTests;
				PRODUCT_NAME = "$(TARGET_NAME)";
				SWIFT_EMIT_LOC_STRINGS = NO;
				SWIFT_VERSION = 5.0;
				TARGETED_DEVICE_FAMILY = "1,2";
				TEST_HOST = "$(BUILT_PRODUCTS_DIR)/SampleMVVMBindingWithBox.app/$(BUNDLE_EXECUTABLE_FOLDER_PATH)/SampleMVVMBindingWithBox";
			};
			name = Release;
		};
		BE9F7D132B548D68004BC954 /* Debug */ = {
			isa = XCBuildConfiguration;
			buildSettings = {
				ALWAYS_EMBED_SWIFT_STANDARD_LIBRARIES = YES;
				CODE_SIGN_STYLE = Automatic;
				CURRENT_PROJECT_VERSION = 1;
				DEVELOPMENT_TEAM = W588GMFYXB;
				GENERATE_INFOPLIST_FILE = YES;
				MARKETING_VERSION = 1.0;
				PRODUCT_BUNDLE_IDENTIFIER = com.sindam.SampleMVVMBindingWithBoxUITests;
				PRODUCT_NAME = "$(TARGET_NAME)";
				SWIFT_EMIT_LOC_STRINGS = NO;
				SWIFT_VERSION = 5.0;
				TARGETED_DEVICE_FAMILY = "1,2";
				TEST_TARGET_NAME = SampleMVVMBindingWithBox;
			};
			name = Debug;
		};
		BE9F7D142B548D68004BC954 /* Release */ = {
			isa = XCBuildConfiguration;
			buildSettings = {
				ALWAYS_EMBED_SWIFT_STANDARD_LIBRARIES = YES;
				CODE_SIGN_STYLE = Automatic;
				CURRENT_PROJECT_VERSION = 1;
				DEVELOPMENT_TEAM = W588GMFYXB;
				GENERATE_INFOPLIST_FILE = YES;
				MARKETING_VERSION = 1.0;
				PRODUCT_BUNDLE_IDENTIFIER = com.sindam.SampleMVVMBindingWithBoxUITests;
				PRODUCT_NAME = "$(TARGET_NAME)";
				SWIFT_EMIT_LOC_STRINGS = NO;
				SWIFT_VERSION = 5.0;
				TARGETED_DEVICE_FAMILY = "1,2";
				TEST_TARGET_NAME = SampleMVVMBindingWithBox;
			};
			name = Release;
		};
		BE9F7D362B54D929004BC954 /* Debug */ = {
			isa = XCBuildConfiguration;
			buildSettings = {
				BUNDLE_LOADER = "$(TEST_HOST)";
				CODE_SIGN_STYLE = Automatic;
				CURRENT_PROJECT_VERSION = 1;
				DEVELOPMENT_TEAM = W588GMFYXB;
				GENERATE_INFOPLIST_FILE = YES;
				MARKETING_VERSION = 1.0;
				PRODUCT_BUNDLE_IDENTIFIER = com.sindam.UserListViewModelTests;
				PRODUCT_NAME = "$(TARGET_NAME)";
				SWIFT_EMIT_LOC_STRINGS = NO;
				SWIFT_VERSION = 5.0;
				TARGETED_DEVICE_FAMILY = "1,2";
				TEST_HOST = "$(BUILT_PRODUCTS_DIR)/SampleMVVMBindingWithBox.app/$(BUNDLE_EXECUTABLE_FOLDER_PATH)/SampleMVVMBindingWithBox";
			};
			name = Debug;
		};
		BE9F7D372B54D929004BC954 /* Release */ = {
			isa = XCBuildConfiguration;
			buildSettings = {
				BUNDLE_LOADER = "$(TEST_HOST)";
				CODE_SIGN_STYLE = Automatic;
				CURRENT_PROJECT_VERSION = 1;
				DEVELOPMENT_TEAM = W588GMFYXB;
				GENERATE_INFOPLIST_FILE = YES;
				MARKETING_VERSION = 1.0;
				PRODUCT_BUNDLE_IDENTIFIER = com.sindam.UserListViewModelTests;
				PRODUCT_NAME = "$(TARGET_NAME)";
				SWIFT_EMIT_LOC_STRINGS = NO;
				SWIFT_VERSION = 5.0;
				TARGETED_DEVICE_FAMILY = "1,2";
				TEST_HOST = "$(BUILT_PRODUCTS_DIR)/SampleMVVMBindingWithBox.app/$(BUNDLE_EXECUTABLE_FOLDER_PATH)/SampleMVVMBindingWithBox";
			};
			name = Release;
		};
/* End XCBuildConfiguration section */

/* Begin XCConfigurationList section */
		BE9F7CDD2B548D67004BC954 /* Build configuration list for PBXProject "SampleMVVMBindingWithBox" */ = {
			isa = XCConfigurationList;
			buildConfigurations = (
				BE9F7D0A2B548D68004BC954 /* Debug */,
				BE9F7D0B2B548D68004BC954 /* Release */,
			);
			defaultConfigurationIsVisible = 0;
			defaultConfigurationName = Release;
		};
		BE9F7D0C2B548D68004BC954 /* Build configuration list for PBXNativeTarget "SampleMVVMBindingWithBox" */ = {
			isa = XCConfigurationList;
			buildConfigurations = (
				BE9F7D0D2B548D68004BC954 /* Debug */,
				BE9F7D0E2B548D68004BC954 /* Release */,
			);
			defaultConfigurationIsVisible = 0;
			defaultConfigurationName = Release;
		};
		BE9F7D0F2B548D68004BC954 /* Build configuration list for PBXNativeTarget "SampleMVVMBindingWithBoxTests" */ = {
			isa = XCConfigurationList;
			buildConfigurations = (
				BE9F7D102B548D68004BC954 /* Debug */,
				BE9F7D112B548D68004BC954 /* Release */,
			);
			defaultConfigurationIsVisible = 0;
			defaultConfigurationName = Release;
		};
		BE9F7D122B548D68004BC954 /* Build configuration list for PBXNativeTarget "SampleMVVMBindingWithBoxUITests" */ = {
			isa = XCConfigurationList;
			buildConfigurations = (
				BE9F7D132B548D68004BC954 /* Debug */,
				BE9F7D142B548D68004BC954 /* Release */,
			);
			defaultConfigurationIsVisible = 0;
			defaultConfigurationName = Release;
		};
		BE9F7D352B54D929004BC954 /* Build configuration list for PBXNativeTarget "UserListViewModelTests" */ = {
			isa = XCConfigurationList;
			buildConfigurations = (
				BE9F7D362B54D929004BC954 /* Debug */,
				BE9F7D372B54D929004BC954 /* Release */,
			);
			defaultConfigurationIsVisible = 0;
			defaultConfigurationName = Release;
		};
/* End XCConfigurationList section */
	};
	rootObject = BE9F7CDA2B548D67004BC954 /* Project object */;
}
